// !$*UTF8*$!
{
	archiveVersion = 1;
	classes = {
	};
	objectVersion = 48;
	objects = {

/* Begin PBXBuildFile section */
		2DA18BF94B5A529BBB2BB7A0 /* Pods_Course2FinalTask.framework in Frameworks */ = {isa = PBXBuildFile; fileRef = 997BD2BD33CA988C85D317FF /* Pods_Course2FinalTask.framework */; };
		74B79258202B3254006BCB41 /* AppDelegate.swift in Sources */ = {isa = PBXBuildFile; fileRef = 74B79257202B3254006BCB41 /* AppDelegate.swift */; };
		74B7925F202B3254006BCB41 /* Assets.xcassets in Resources */ = {isa = PBXBuildFile; fileRef = 74B7925E202B3254006BCB41 /* Assets.xcassets */; };
		CE0E813324C4D6F00009EC5E /* FeedViewController extension.swift in Sources */ = {isa = PBXBuildFile; fileRef = CE0E813224C4D6F00009EC5E /* FeedViewController extension.swift */; };
		CE0F00AC245B4F9100E8450A /* Spinner.swift in Sources */ = {isa = PBXBuildFile; fileRef = CE0F00AB245B4F9100E8450A /* Spinner.swift */; };
		CE16B83524688E8200F40DF5 /* UIImage extension.swift in Sources */ = {isa = PBXBuildFile; fileRef = CE16B83424688E8200F40DF5 /* UIImage extension.swift */; };
		CE1ED9D824BDB03E00B5628C /* KeychainStorage.swift in Sources */ = {isa = PBXBuildFile; fileRef = CE1ED9D724BDB03E00B5628C /* KeychainStorage.swift */; };
		CE217E2A24BB3ACB008005ED /* Token.swift in Sources */ = {isa = PBXBuildFile; fileRef = CE217E2924BB3ACB008005ED /* Token.swift */; };
		CE217E2C24BB3E8F008005ED /* NetworkProvider.swift in Sources */ = {isa = PBXBuildFile; fileRef = CE217E2B24BB3E8F008005ED /* NetworkProvider.swift */; };
		CE217E2E24BB602D008005ED /* NetworkErrors.swift in Sources */ = {isa = PBXBuildFile; fileRef = CE217E2D24BB602D008005ED /* NetworkErrors.swift */; };
		CE556FE824A777E200A2FE8D /* AuthenticationViewController.swift in Sources */ = {isa = PBXBuildFile; fileRef = CE556FE724A777E200A2FE8D /* AuthenticationViewController.swift */; };
		CE556FED24A78AB200A2FE8D /* Account.swift in Sources */ = {isa = PBXBuildFile; fileRef = CE556FEC24A78AB200A2FE8D /* Account.swift */; };
		CE556FEF24A78AC700A2FE8D /* User.swift in Sources */ = {isa = PBXBuildFile; fileRef = CE556FEE24A78AC700A2FE8D /* User.swift */; };
		CE556FF124A78AEA00A2FE8D /* Post.swift in Sources */ = {isa = PBXBuildFile; fileRef = CE556FF024A78AEA00A2FE8D /* Post.swift */; };
		CE56F74A245F539F001983DF /* FilterCell.swift in Sources */ = {isa = PBXBuildFile; fileRef = CE56F749245F539F001983DF /* FilterCell.swift */; };
		CE56F74C245F54E1001983DF /* FilterViewController.swift in Sources */ = {isa = PBXBuildFile; fileRef = CE56F74B245F54E1001983DF /* FilterViewController.swift */; };
		CE6651FA23FF0F84000706C6 /* FeedCell.swift in Sources */ = {isa = PBXBuildFile; fileRef = CE6651F923FF0F84000706C6 /* FeedCell.swift */; };
		CE6651FC2402DA28000706C6 /* ProfileReusableView.swift in Sources */ = {isa = PBXBuildFile; fileRef = CE6651FB2402DA28000706C6 /* ProfileReusableView.swift */; };
		CE6651FE2402DA81000706C6 /* ProfileCell.swift in Sources */ = {isa = PBXBuildFile; fileRef = CE6651FD2402DA81000706C6 /* ProfileCell.swift */; };
		CE7F45A0246B435600D26E30 /* Alert.swift in Sources */ = {isa = PBXBuildFile; fileRef = CE7F459F246B435600D26E30 /* Alert.swift */; };
		CE806E0F251FD3CD0075D664 /* UserClass.swift in Sources */ = {isa = PBXBuildFile; fileRef = CE806E0E251FD3CD0075D664 /* UserClass.swift */; };
		CE806E11251FD3DC0075D664 /* PostClass.swift in Sources */ = {isa = PBXBuildFile; fileRef = CE806E10251FD3DC0075D664 /* PostClass.swift */; };
		CE836EB024BE47DA00F18A77 /* ProfileViewController extension.swift in Sources */ = {isa = PBXBuildFile; fileRef = CE836EAF24BE47DA00F18A77 /* ProfileViewController extension.swift */; };
		CE8916D9245E149400195C1E /* NewPostCell.swift in Sources */ = {isa = PBXBuildFile; fileRef = CE8916D8245E149400195C1E /* NewPostCell.swift */; };
		CEA1CA542468536A00DF0DF6 /* AddPhotoController.swift in Sources */ = {isa = PBXBuildFile; fileRef = CEA1CA532468536A00DF0DF6 /* AddPhotoController.swift */; };
		CED24395240543C9004DCADA /* FollowCell.swift in Sources */ = {isa = PBXBuildFile; fileRef = CED24394240543C9004DCADA /* FollowCell.swift */; };
		CEDB3864245A0D9F000927EB /* NewPostController.swift in Sources */ = {isa = PBXBuildFile; fileRef = CEDB3863245A0D9F000927EB /* NewPostController.swift */; };
		CEDE0E3B24C20D5B00DCC8D7 /* Photos.swift in Sources */ = {isa = PBXBuildFile; fileRef = CEDE0E3A24C20D5B00DCC8D7 /* Photos.swift */; };
		CEE0929E250FBB4000DAF1B7 /* RequestManager.swift in Sources */ = {isa = PBXBuildFile; fileRef = CEE0929D250FBB4000DAF1B7 /* RequestManager.swift */; };
		CEE092A1250FFBDC00DAF1B7 /* Constants.swift in Sources */ = {isa = PBXBuildFile; fileRef = CEE092A0250FFBDC00DAF1B7 /* Constants.swift */; };
		CEE092A725122B6900DAF1B7 /* Model.xcdatamodeld in Sources */ = {isa = PBXBuildFile; fileRef = CEE092A525122B6900DAF1B7 /* Model.xcdatamodeld */; };
		CEE092A92512368C00DAF1B7 /* CoreDataManager.swift in Sources */ = {isa = PBXBuildFile; fileRef = CEE092A82512368C00DAF1B7 /* CoreDataManager.swift */; };
		CEE092AB2512475700DAF1B7 /* DataProvider.swift in Sources */ = {isa = PBXBuildFile; fileRef = CEE092AA2512475600DAF1B7 /* DataProvider.swift */; };
		CEE893E323FBF44B00C83B6E /* Default-568h@2x.png in Resources */ = {isa = PBXBuildFile; fileRef = CEE893E223FBF44B00C83B6E /* Default-568h@2x.png */; };
		CEE893E523FBF4BD00C83B6E /* ProfileViewController.swift in Sources */ = {isa = PBXBuildFile; fileRef = CEE893E423FBF4BD00C83B6E /* ProfileViewController.swift */; };
		CEE893E723FBF4D000C83B6E /* FeedViewController.swift in Sources */ = {isa = PBXBuildFile; fileRef = CEE893E623FBF4D000C83B6E /* FeedViewController.swift */; };
		CEE893E923FBF7E100C83B6E /* FollowViewController.swift in Sources */ = {isa = PBXBuildFile; fileRef = CEE893E823FBF7E100C83B6E /* FollowViewController.swift */; };
		CEF0CD8223F8981000664188 /* Main.storyboard in Resources */ = {isa = PBXBuildFile; fileRef = CEF0CD8123F8981000664188 /* Main.storyboard */; settings = {ASSET_TAGS = (New, ); }; };
/* End PBXBuildFile section */

/* Begin PBXCopyFilesBuildPhase section */
		74B7927A202B33EA006BCB41 /* Embed Frameworks */ = {
			isa = PBXCopyFilesBuildPhase;
			buildActionMask = 2147483647;
			dstPath = "";
			dstSubfolderSpec = 10;
			files = (
			);
			name = "Embed Frameworks";
			runOnlyForDeploymentPostprocessing = 0;
		};
/* End PBXCopyFilesBuildPhase section */

/* Begin PBXFileReference section */
		1FBAE4590CD3E41999980C2D /* Pods-Course2FinalTask.debug.xcconfig */ = {isa = PBXFileReference; includeInIndex = 1; lastKnownFileType = text.xcconfig; name = "Pods-Course2FinalTask.debug.xcconfig"; path = "Target Support Files/Pods-Course2FinalTask/Pods-Course2FinalTask.debug.xcconfig"; sourceTree = "<group>"; };
		74B79254202B3254006BCB41 /* Course2FinalTask.app */ = {isa = PBXFileReference; explicitFileType = wrapper.application; includeInIndex = 0; path = Course2FinalTask.app; sourceTree = BUILT_PRODUCTS_DIR; };
		74B79257202B3254006BCB41 /* AppDelegate.swift */ = {isa = PBXFileReference; lastKnownFileType = sourcecode.swift; path = AppDelegate.swift; sourceTree = "<group>"; };
		74B7925E202B3254006BCB41 /* Assets.xcassets */ = {isa = PBXFileReference; lastKnownFileType = folder.assetcatalog; path = Assets.xcassets; sourceTree = "<group>"; };
		74B79263202B3254006BCB41 /* Info.plist */ = {isa = PBXFileReference; lastKnownFileType = text.plist.xml; path = Info.plist; sourceTree = "<group>"; };
		83E203D2A5B40C42D6849859 /* Pods-Course2FinalTask.release.xcconfig */ = {isa = PBXFileReference; includeInIndex = 1; lastKnownFileType = text.xcconfig; name = "Pods-Course2FinalTask.release.xcconfig"; path = "Target Support Files/Pods-Course2FinalTask/Pods-Course2FinalTask.release.xcconfig"; sourceTree = "<group>"; };
		997BD2BD33CA988C85D317FF /* Pods_Course2FinalTask.framework */ = {isa = PBXFileReference; explicitFileType = wrapper.framework; includeInIndex = 0; path = Pods_Course2FinalTask.framework; sourceTree = BUILT_PRODUCTS_DIR; };
		CE0E813224C4D6F00009EC5E /* FeedViewController extension.swift */ = {isa = PBXFileReference; lastKnownFileType = sourcecode.swift; path = "FeedViewController extension.swift"; sourceTree = "<group>"; };
		CE0F00AB245B4F9100E8450A /* Spinner.swift */ = {isa = PBXFileReference; lastKnownFileType = sourcecode.swift; path = Spinner.swift; sourceTree = "<group>"; };
		CE16B83424688E8200F40DF5 /* UIImage extension.swift */ = {isa = PBXFileReference; lastKnownFileType = sourcecode.swift; path = "UIImage extension.swift"; sourceTree = "<group>"; };
		CE1ED9D724BDB03E00B5628C /* KeychainStorage.swift */ = {isa = PBXFileReference; lastKnownFileType = sourcecode.swift; path = KeychainStorage.swift; sourceTree = "<group>"; };
		CE217E2924BB3ACB008005ED /* Token.swift */ = {isa = PBXFileReference; lastKnownFileType = sourcecode.swift; path = Token.swift; sourceTree = "<group>"; };
		CE217E2B24BB3E8F008005ED /* NetworkProvider.swift */ = {isa = PBXFileReference; lastKnownFileType = sourcecode.swift; path = NetworkProvider.swift; sourceTree = "<group>"; };
		CE217E2D24BB602D008005ED /* NetworkErrors.swift */ = {isa = PBXFileReference; lastKnownFileType = sourcecode.swift; path = NetworkErrors.swift; sourceTree = "<group>"; };
		CE556FE724A777E200A2FE8D /* AuthenticationViewController.swift */ = {isa = PBXFileReference; lastKnownFileType = sourcecode.swift; path = AuthenticationViewController.swift; sourceTree = "<group>"; };
		CE556FEC24A78AB200A2FE8D /* Account.swift */ = {isa = PBXFileReference; lastKnownFileType = sourcecode.swift; path = Account.swift; sourceTree = "<group>"; };
		CE556FEE24A78AC700A2FE8D /* User.swift */ = {isa = PBXFileReference; lastKnownFileType = sourcecode.swift; path = User.swift; sourceTree = "<group>"; };
		CE556FF024A78AEA00A2FE8D /* Post.swift */ = {isa = PBXFileReference; lastKnownFileType = sourcecode.swift; path = Post.swift; sourceTree = "<group>"; };
		CE56F749245F539F001983DF /* FilterCell.swift */ = {isa = PBXFileReference; lastKnownFileType = sourcecode.swift; path = FilterCell.swift; sourceTree = "<group>"; };
		CE56F74B245F54E1001983DF /* FilterViewController.swift */ = {isa = PBXFileReference; lastKnownFileType = sourcecode.swift; path = FilterViewController.swift; sourceTree = "<group>"; };
		CE6651F923FF0F84000706C6 /* FeedCell.swift */ = {isa = PBXFileReference; lastKnownFileType = sourcecode.swift; path = FeedCell.swift; sourceTree = "<group>"; };
		CE6651FB2402DA28000706C6 /* ProfileReusableView.swift */ = {isa = PBXFileReference; lastKnownFileType = sourcecode.swift; path = ProfileReusableView.swift; sourceTree = "<group>"; };
		CE6651FD2402DA81000706C6 /* ProfileCell.swift */ = {isa = PBXFileReference; lastKnownFileType = sourcecode.swift; path = ProfileCell.swift; sourceTree = "<group>"; };
		CE7F459F246B435600D26E30 /* Alert.swift */ = {isa = PBXFileReference; lastKnownFileType = sourcecode.swift; path = Alert.swift; sourceTree = "<group>"; };
		CE806E0E251FD3CD0075D664 /* UserClass.swift */ = {isa = PBXFileReference; lastKnownFileType = sourcecode.swift; path = UserClass.swift; sourceTree = "<group>"; };
		CE806E10251FD3DC0075D664 /* PostClass.swift */ = {isa = PBXFileReference; lastKnownFileType = sourcecode.swift; path = PostClass.swift; sourceTree = "<group>"; };
		CE836EAF24BE47DA00F18A77 /* ProfileViewController extension.swift */ = {isa = PBXFileReference; lastKnownFileType = sourcecode.swift; path = "ProfileViewController extension.swift"; sourceTree = "<group>"; };
		CE8916D8245E149400195C1E /* NewPostCell.swift */ = {isa = PBXFileReference; lastKnownFileType = sourcecode.swift; path = NewPostCell.swift; sourceTree = "<group>"; };
		CEA1CA532468536A00DF0DF6 /* AddPhotoController.swift */ = {isa = PBXFileReference; lastKnownFileType = sourcecode.swift; path = AddPhotoController.swift; sourceTree = "<group>"; };
		CED24394240543C9004DCADA /* FollowCell.swift */ = {isa = PBXFileReference; lastKnownFileType = sourcecode.swift; path = FollowCell.swift; sourceTree = "<group>"; };
		CEDB3863245A0D9F000927EB /* NewPostController.swift */ = {isa = PBXFileReference; lastKnownFileType = sourcecode.swift; path = NewPostController.swift; sourceTree = "<group>"; };
		CEDE0E3A24C20D5B00DCC8D7 /* Photos.swift */ = {isa = PBXFileReference; lastKnownFileType = sourcecode.swift; path = Photos.swift; sourceTree = "<group>"; };
		CEE0929D250FBB4000DAF1B7 /* RequestManager.swift */ = {isa = PBXFileReference; lastKnownFileType = sourcecode.swift; path = RequestManager.swift; sourceTree = "<group>"; };
		CEE092A0250FFBDC00DAF1B7 /* Constants.swift */ = {isa = PBXFileReference; lastKnownFileType = sourcecode.swift; path = Constants.swift; sourceTree = "<group>"; };
		CEE092A625122B6900DAF1B7 /* Model.xcdatamodel */ = {isa = PBXFileReference; lastKnownFileType = wrapper.xcdatamodel; path = Model.xcdatamodel; sourceTree = "<group>"; };
		CEE092A82512368C00DAF1B7 /* CoreDataManager.swift */ = {isa = PBXFileReference; lastKnownFileType = sourcecode.swift; path = CoreDataManager.swift; sourceTree = "<group>"; };
		CEE092AA2512475600DAF1B7 /* DataProvider.swift */ = {isa = PBXFileReference; lastKnownFileType = sourcecode.swift; path = DataProvider.swift; sourceTree = "<group>"; };
		CEE893E223FBF44B00C83B6E /* Default-568h@2x.png */ = {isa = PBXFileReference; lastKnownFileType = image.png; path = "Default-568h@2x.png"; sourceTree = "<group>"; };
		CEE893E423FBF4BD00C83B6E /* ProfileViewController.swift */ = {isa = PBXFileReference; lastKnownFileType = sourcecode.swift; path = ProfileViewController.swift; sourceTree = "<group>"; };
		CEE893E623FBF4D000C83B6E /* FeedViewController.swift */ = {isa = PBXFileReference; lastKnownFileType = sourcecode.swift; path = FeedViewController.swift; sourceTree = "<group>"; };
		CEE893E823FBF7E100C83B6E /* FollowViewController.swift */ = {isa = PBXFileReference; lastKnownFileType = sourcecode.swift; path = FollowViewController.swift; sourceTree = "<group>"; };
		CEF0CD8123F8981000664188 /* Main.storyboard */ = {isa = PBXFileReference; lastKnownFileType = file.storyboard; path = Main.storyboard; sourceTree = "<group>"; };
/* End PBXFileReference section */

/* Begin PBXFrameworksBuildPhase section */
		74B79251202B3254006BCB41 /* Frameworks */ = {
			isa = PBXFrameworksBuildPhase;
			buildActionMask = 2147483647;
			files = (
				2DA18BF94B5A529BBB2BB7A0 /* Pods_Course2FinalTask.framework in Frameworks */,
			);
			runOnlyForDeploymentPostprocessing = 0;
		};
/* End PBXFrameworksBuildPhase section */

/* Begin PBXGroup section */
		575E06B8960E728F91B9A749 /* Pods */ = {
			isa = PBXGroup;
			children = (
				1FBAE4590CD3E41999980C2D /* Pods-Course2FinalTask.debug.xcconfig */,
				83E203D2A5B40C42D6849859 /* Pods-Course2FinalTask.release.xcconfig */,
			);
			path = Pods;
			sourceTree = "<group>";
		};
		74B7924B202B3254006BCB41 = {
			isa = PBXGroup;
			children = (
				CEE893E223FBF44B00C83B6E /* Default-568h@2x.png */,
				74B79256202B3254006BCB41 /* Course2FinalTask */,
				74B79255202B3254006BCB41 /* Products */,
				575E06B8960E728F91B9A749 /* Pods */,
				DFCB270EA792EF1E33E8A17E /* Frameworks */,
			);
			sourceTree = "<group>";
		};
		74B79255202B3254006BCB41 /* Products */ = {
			isa = PBXGroup;
			children = (
				74B79254202B3254006BCB41 /* Course2FinalTask.app */,
			);
			name = Products;
			sourceTree = "<group>";
		};
		74B79256202B3254006BCB41 /* Course2FinalTask */ = {
			isa = PBXGroup;
			children = (
				74B7927B202B3427006BCB41 /* Code */,
				74B7927C202B342E006BCB41 /* Resources */,
				74B7927D202B3434006BCB41 /* Supporting Files */,
			);
			path = Course2FinalTask;
			sourceTree = "<group>";
		};
		74B7927B202B3427006BCB41 /* Code */ = {
			isa = PBXGroup;
			children = (
				74B79257202B3254006BCB41 /* AppDelegate.swift */,
				CEE0929F250FFBAB00DAF1B7 /* Helpers */,
				CED3E84F24C490BD00CA31D4 /* Views */,
				CEE092A425122A9000DAF1B7 /* Core Data */,
				CE556FEA24A78A3E00A2FE8D /* Networking */,
				CE556FE624A7779F00A2FE8D /* Authorization */,
				CE56F748245F537D001983DF /* Filter */,
				CE8916DA245E149B00195C1E /* New Post */,
				CE6B9F812421495F00E7DE31 /* Feed */,
				CE6B9F802421493900E7DE31 /* Profile */,
				CE6B9F822421497A00E7DE31 /* Follow */,
			);
			path = Code;
			sourceTree = "<group>";
		};
		74B7927C202B342E006BCB41 /* Resources */ = {
			isa = PBXGroup;
			children = (
				74B7925E202B3254006BCB41 /* Assets.xcassets */,
			);
			path = Resources;
			sourceTree = "<group>";
		};
		74B7927D202B3434006BCB41 /* Supporting Files */ = {
			isa = PBXGroup;
			children = (
				74B79263202B3254006BCB41 /* Info.plist */,
			);
			path = "Supporting Files";
			sourceTree = "<group>";
		};
		CE556FE624A7779F00A2FE8D /* Authorization */ = {
			isa = PBXGroup;
			children = (
				CE556FE724A777E200A2FE8D /* AuthenticationViewController.swift */,
				CE1ED9D724BDB03E00B5628C /* KeychainStorage.swift */,
			);
			path = Authorization;
			sourceTree = "<group>";
		};
		CE556FEA24A78A3E00A2FE8D /* Networking */ = {
			isa = PBXGroup;
			children = (
				CE556FEB24A78A4F00A2FE8D /* Models */,
				CE217E2B24BB3E8F008005ED /* NetworkProvider.swift */,
				CEE0929D250FBB4000DAF1B7 /* RequestManager.swift */,
			);
			path = Networking;
			sourceTree = "<group>";
		};
		CE556FEB24A78A4F00A2FE8D /* Models */ = {
			isa = PBXGroup;
			children = (
				CE556FEC24A78AB200A2FE8D /* Account.swift */,
				CE217E2924BB3ACB008005ED /* Token.swift */,
				CE556FEE24A78AC700A2FE8D /* User.swift */,
				CE556FF024A78AEA00A2FE8D /* Post.swift */,
				CE806E0E251FD3CD0075D664 /* UserClass.swift */,
				CE806E10251FD3DC0075D664 /* PostClass.swift */,
				CE217E2D24BB602D008005ED /* NetworkErrors.swift */,
			);
			path = Models;
			sourceTree = "<group>";
		};
		CE56F748245F537D001983DF /* Filter */ = {
			isa = PBXGroup;
			children = (
				CE56F74B245F54E1001983DF /* FilterViewController.swift */,
				CE56F749245F539F001983DF /* FilterCell.swift */,
			);
			path = Filter;
			sourceTree = "<group>";
		};
		CE6B9F802421493900E7DE31 /* Profile */ = {
			isa = PBXGroup;
			children = (
				CE6651FD2402DA81000706C6 /* ProfileCell.swift */,
				CE6651FB2402DA28000706C6 /* ProfileReusableView.swift */,
				CEE893E423FBF4BD00C83B6E /* ProfileViewController.swift */,
				CE836EAF24BE47DA00F18A77 /* ProfileViewController extension.swift */,
			);
			path = Profile;
			sourceTree = "<group>";
		};
		CE6B9F812421495F00E7DE31 /* Feed */ = {
			isa = PBXGroup;
			children = (
				CEE893E623FBF4D000C83B6E /* FeedViewController.swift */,
				CE0E813224C4D6F00009EC5E /* FeedViewController extension.swift */,
				CE6651F923FF0F84000706C6 /* FeedCell.swift */,
			);
			path = Feed;
			sourceTree = "<group>";
		};
		CE6B9F822421497A00E7DE31 /* Follow */ = {
			isa = PBXGroup;
			children = (
				CEE893E823FBF7E100C83B6E /* FollowViewController.swift */,
				CED24394240543C9004DCADA /* FollowCell.swift */,
			);
			path = Follow;
			sourceTree = "<group>";
		};
		CE8916DA245E149B00195C1E /* New Post */ = {
			isa = PBXGroup;
			children = (
				CEDB3863245A0D9F000927EB /* NewPostController.swift */,
				CE8916D8245E149400195C1E /* NewPostCell.swift */,
				CEA1CA532468536A00DF0DF6 /* AddPhotoController.swift */,
				CEDE0E3A24C20D5B00DCC8D7 /* Photos.swift */,
			);
			path = "New Post";
			sourceTree = "<group>";
		};
		CED3E84F24C490BD00CA31D4 /* Views */ = {
			isa = PBXGroup;
			children = (
				CE16B83424688E8200F40DF5 /* UIImage extension.swift */,
				CE0F00AB245B4F9100E8450A /* Spinner.swift */,
				CE7F459F246B435600D26E30 /* Alert.swift */,
				CEF0CD8123F8981000664188 /* Main.storyboard */,
			);
			path = Views;
			sourceTree = "<group>";
		};
		CEE0929F250FFBAB00DAF1B7 /* Helpers */ = {
			isa = PBXGroup;
			children = (
				CEE092A0250FFBDC00DAF1B7 /* Constants.swift */,
			);
			path = Helpers;
			sourceTree = "<group>";
		};
		CEE092A425122A9000DAF1B7 /* Core Data */ = {
			isa = PBXGroup;
			children = (
				CEE092A525122B6900DAF1B7 /* Model.xcdatamodeld */,
				CEE092A82512368C00DAF1B7 /* CoreDataManager.swift */,
				CEE092AA2512475600DAF1B7 /* DataProvider.swift */,
			);
			path = "Core Data";
			sourceTree = "<group>";
		};
		DFCB270EA792EF1E33E8A17E /* Frameworks */ = {
			isa = PBXGroup;
			children = (
				997BD2BD33CA988C85D317FF /* Pods_Course2FinalTask.framework */,
			);
			name = Frameworks;
			sourceTree = "<group>";
		};
/* End PBXGroup section */

/* Begin PBXNativeTarget section */
		74B79253202B3254006BCB41 /* Course2FinalTask */ = {
			isa = PBXNativeTarget;
			buildConfigurationList = 74B79266202B3254006BCB41 /* Build configuration list for PBXNativeTarget "Course2FinalTask" */;
			buildPhases = (
				5388D0855AF59EBE83CC3A72 /* [CP] Check Pods Manifest.lock */,
				74B79250202B3254006BCB41 /* Sources */,
				74B79251202B3254006BCB41 /* Frameworks */,
				74B79252202B3254006BCB41 /* Resources */,
				74B7927A202B33EA006BCB41 /* Embed Frameworks */,
				CEC46CDD246F09CD003BF3CE /* Run Script */,
				6AB4C9B0A102EC6774DCEACA /* [CP] Embed Pods Frameworks */,
			);
			buildRules = (
			);
			dependencies = (
			);
			name = Course2FinalTask;
			productName = Course2Week3FinalTask;
			productReference = 74B79254202B3254006BCB41 /* Course2FinalTask.app */;
			productType = "com.apple.product-type.application";
		};
/* End PBXNativeTarget section */

/* Begin PBXProject section */
		74B7924C202B3254006BCB41 /* Project object */ = {
			isa = PBXProject;
			attributes = {
				KnownAssetTags = (
					New,
				);
				LastSwiftUpdateCheck = 0920;
				LastUpgradeCheck = 1200;
				ORGANIZATIONNAME = "e-Legion";
				TargetAttributes = {
					74B79253202B3254006BCB41 = {
						CreatedOnToolsVersion = 9.2;
						LastSwiftMigration = 1100;
						ProvisioningStyle = Automatic;
					};
				};
			};
			buildConfigurationList = 74B7924F202B3254006BCB41 /* Build configuration list for PBXProject "Course2FinalTask" */;
			compatibilityVersion = "Xcode 8.0";
			developmentRegion = en;
			hasScannedForEncodings = 0;
			knownRegions = (
				en,
				Base,
			);
			mainGroup = 74B7924B202B3254006BCB41;
			productRefGroup = 74B79255202B3254006BCB41 /* Products */;
			projectDirPath = "";
			projectRoot = "";
			targets = (
				74B79253202B3254006BCB41 /* Course2FinalTask */,
			);
		};
/* End PBXProject section */

/* Begin PBXResourcesBuildPhase section */
		74B79252202B3254006BCB41 /* Resources */ = {
			isa = PBXResourcesBuildPhase;
			buildActionMask = 2147483647;
			files = (
				74B7925F202B3254006BCB41 /* Assets.xcassets in Resources */,
				CEF0CD8223F8981000664188 /* Main.storyboard in Resources */,
				CEE893E323FBF44B00C83B6E /* Default-568h@2x.png in Resources */,
			);
			runOnlyForDeploymentPostprocessing = 0;
		};
/* End PBXResourcesBuildPhase section */

/* Begin PBXShellScriptBuildPhase section */
		5388D0855AF59EBE83CC3A72 /* [CP] Check Pods Manifest.lock */ = {
			isa = PBXShellScriptBuildPhase;
			buildActionMask = 2147483647;
			files = (
			);
			inputFileListPaths = (
			);
			inputPaths = (
				"${PODS_PODFILE_DIR_PATH}/Podfile.lock",
				"${PODS_ROOT}/Manifest.lock",
			);
			name = "[CP] Check Pods Manifest.lock";
			outputFileListPaths = (
			);
			outputPaths = (
				"$(DERIVED_FILE_DIR)/Pods-Course2FinalTask-checkManifestLockResult.txt",
			);
			runOnlyForDeploymentPostprocessing = 0;
			shellPath = /bin/sh;
			shellScript = "diff \"${PODS_PODFILE_DIR_PATH}/Podfile.lock\" \"${PODS_ROOT}/Manifest.lock\" > /dev/null\nif [ $? != 0 ] ; then\n    # print error to STDERR\n    echo \"error: The sandbox is not in sync with the Podfile.lock. Run 'pod install' or update your CocoaPods installation.\" >&2\n    exit 1\nfi\n# This output is used by Xcode 'outputs' to avoid re-running this script phase.\necho \"SUCCESS\" > \"${SCRIPT_OUTPUT_FILE_0}\"\n";
			showEnvVarsInLog = 0;
		};
		6AB4C9B0A102EC6774DCEACA /* [CP] Embed Pods Frameworks */ = {
			isa = PBXShellScriptBuildPhase;
			buildActionMask = 2147483647;
			files = (
			);
			inputPaths = (
				"${PODS_ROOT}/Target Support Files/Pods-Course2FinalTask/Pods-Course2FinalTask-frameworks.sh",
				"${BUILT_PRODUCTS_DIR}/Kingfisher/Kingfisher.framework",
				"${BUILT_PRODUCTS_DIR}/SnapKit/SnapKit.framework",
			);
			name = "[CP] Embed Pods Frameworks";
			outputPaths = (
				"${TARGET_BUILD_DIR}/${FRAMEWORKS_FOLDER_PATH}/Kingfisher.framework",
				"${TARGET_BUILD_DIR}/${FRAMEWORKS_FOLDER_PATH}/SnapKit.framework",
			);
			runOnlyForDeploymentPostprocessing = 0;
			shellPath = /bin/sh;
			shellScript = "\"${PODS_ROOT}/Target Support Files/Pods-Course2FinalTask/Pods-Course2FinalTask-frameworks.sh\"\n";
			showEnvVarsInLog = 0;
		};
		CEC46CDD246F09CD003BF3CE /* Run Script */ = {
			isa = PBXShellScriptBuildPhase;
			buildActionMask = 12;
			files = (
			);
			inputFileListPaths = (
			);
			inputPaths = (
			);
			name = "Run Script";
			outputFileListPaths = (
			);
			outputPaths = (
			);
			runOnlyForDeploymentPostprocessing = 0;
			shellPath = /bin/sh;
			shellScript = "
";
		};
/* End PBXShellScriptBuildPhase section */

/* Begin PBXSourcesBuildPhase section */
		74B79250202B3254006BCB41 /* Sources */ = {
			isa = PBXSourcesBuildPhase;
			buildActionMask = 2147483647;
			files = (
				CE806E11251FD3DC0075D664 /* PostClass.swift in Sources */,
				CEDE0E3B24C20D5B00DCC8D7 /* Photos.swift in Sources */,
				CE7F45A0246B435600D26E30 /* Alert.swift in Sources */,
				CE56F74C245F54E1001983DF /* FilterViewController.swift in Sources */,
				CE0F00AC245B4F9100E8450A /* Spinner.swift in Sources */,
				CEE893E523FBF4BD00C83B6E /* ProfileViewController.swift in Sources */,
				CEE092A1250FFBDC00DAF1B7 /* Constants.swift in Sources */,
				CE556FE824A777E200A2FE8D /* AuthenticationViewController.swift in Sources */,
				CE217E2E24BB602D008005ED /* NetworkErrors.swift in Sources */,
				CE806E0F251FD3CD0075D664 /* UserClass.swift in Sources */,
				CE6651FC2402DA28000706C6 /* ProfileReusableView.swift in Sources */,
				CEE893E723FBF4D000C83B6E /* FeedViewController.swift in Sources */,
				CE217E2A24BB3ACB008005ED /* Token.swift in Sources */,
				CEE092A92512368C00DAF1B7 /* CoreDataManager.swift in Sources */,
				CE8916D9245E149400195C1E /* NewPostCell.swift in Sources */,
				CEE0929E250FBB4000DAF1B7 /* RequestManager.swift in Sources */,
				CE556FEF24A78AC700A2FE8D /* User.swift in Sources */,
				CE836EB024BE47DA00F18A77 /* ProfileViewController extension.swift in Sources */,
				CE56F74A245F539F001983DF /* FilterCell.swift in Sources */,
				74B79258202B3254006BCB41 /* AppDelegate.swift in Sources */,
				CEE092AB2512475700DAF1B7 /* DataProvider.swift in Sources */,
				CEE092A725122B6900DAF1B7 /* Model.xcdatamodeld in Sources */,
				CE556FF124A78AEA00A2FE8D /* Post.swift in Sources */,
				CE16B83524688E8200F40DF5 /* UIImage extension.swift in Sources */,
				CEE893E923FBF7E100C83B6E /* FollowViewController.swift in Sources */,
				CE1ED9D824BDB03E00B5628C /* KeychainStorage.swift in Sources */,
				CEA1CA542468536A00DF0DF6 /* AddPhotoController.swift in Sources */,
				CE217E2C24BB3E8F008005ED /* NetworkProvider.swift in Sources */,
				CE0E813324C4D6F00009EC5E /* FeedViewController extension.swift in Sources */,
				CE6651FA23FF0F84000706C6 /* FeedCell.swift in Sources */,
				CED24395240543C9004DCADA /* FollowCell.swift in Sources */,
				CEDB3864245A0D9F000927EB /* NewPostController.swift in Sources */,
				CE556FED24A78AB200A2FE8D /* Account.swift in Sources */,
				CE6651FE2402DA81000706C6 /* ProfileCell.swift in Sources */,
			);
			runOnlyForDeploymentPostprocessing = 0;
		};
/* End PBXSourcesBuildPhase section */

/* Begin XCBuildConfiguration section */
		74B79264202B3254006BCB41 /* Debug */ = {
			isa = XCBuildConfiguration;
			buildSettings = {
				ALWAYS_SEARCH_USER_PATHS = NO;
				CLANG_ANALYZER_NONNULL = YES;
				CLANG_ANALYZER_NUMBER_OBJECT_CONVERSION = YES_AGGRESSIVE;
				CLANG_CXX_LANGUAGE_STANDARD = "gnu++14";
				CLANG_CXX_LIBRARY = "libc++";
				CLANG_ENABLE_MODULES = YES;
				CLANG_ENABLE_OBJC_ARC = YES;
				CLANG_WARN_BLOCK_CAPTURE_AUTORELEASING = YES;
				CLANG_WARN_BOOL_CONVERSION = YES;
				CLANG_WARN_COMMA = YES;
				CLANG_WARN_CONSTANT_CONVERSION = YES;
				CLANG_WARN_DEPRECATED_OBJC_IMPLEMENTATIONS = YES;
				CLANG_WARN_DIRECT_OBJC_ISA_USAGE = YES_ERROR;
				CLANG_WARN_DOCUMENTATION_COMMENTS = YES;
				CLANG_WARN_EMPTY_BODY = YES;
				CLANG_WARN_ENUM_CONVERSION = YES;
				CLANG_WARN_INFINITE_RECURSION = YES;
				CLANG_WARN_INT_CONVERSION = YES;
				CLANG_WARN_NON_LITERAL_NULL_CONVERSION = YES;
				CLANG_WARN_OBJC_IMPLICIT_RETAIN_SELF = YES;
				CLANG_WARN_OBJC_LITERAL_CONVERSION = YES;
				CLANG_WARN_OBJC_ROOT_CLASS = YES_ERROR;
				CLANG_WARN_QUOTED_INCLUDE_IN_FRAMEWORK_HEADER = YES;
				CLANG_WARN_RANGE_LOOP_ANALYSIS = YES;
				CLANG_WARN_STRICT_PROTOTYPES = YES;
				CLANG_WARN_SUSPICIOUS_MOVE = YES;
				CLANG_WARN_UNGUARDED_AVAILABILITY = YES_AGGRESSIVE;
				CLANG_WARN_UNREACHABLE_CODE = YES;
				CLANG_WARN__DUPLICATE_METHOD_MATCH = YES;
				CODE_SIGN_IDENTITY = "iPhone Developer";
				COPY_PHASE_STRIP = NO;
				DEBUG_INFORMATION_FORMAT = dwarf;
				ENABLE_STRICT_OBJC_MSGSEND = YES;
				ENABLE_TESTABILITY = YES;
				GCC_C_LANGUAGE_STANDARD = gnu11;
				GCC_DYNAMIC_NO_PIC = NO;
				GCC_NO_COMMON_BLOCKS = YES;
				GCC_OPTIMIZATION_LEVEL = 0;
				GCC_PREPROCESSOR_DEFINITIONS = (
					"DEBUG=1",
					"$(inherited)",
				);
				GCC_WARN_64_TO_32_BIT_CONVERSION = YES;
				GCC_WARN_ABOUT_RETURN_TYPE = YES_ERROR;
				GCC_WARN_UNDECLARED_SELECTOR = YES;
				GCC_WARN_UNINITIALIZED_AUTOS = YES_AGGRESSIVE;
				GCC_WARN_UNUSED_FUNCTION = YES;
				GCC_WARN_UNUSED_VARIABLE = YES;
				IPHONEOS_DEPLOYMENT_TARGET = 12.0;
				MTL_ENABLE_DEBUG_INFO = YES;
				ONLY_ACTIVE_ARCH = YES;
				SDKROOT = iphoneos;
				SWIFT_ACTIVE_COMPILATION_CONDITIONS = DEBUG;
				SWIFT_OPTIMIZATION_LEVEL = "-Onone";
			};
			name = Debug;
		};
		74B79265202B3254006BCB41 /* Release */ = {
			isa = XCBuildConfiguration;
			buildSettings = {
				ALWAYS_SEARCH_USER_PATHS = NO;
				CLANG_ANALYZER_NONNULL = YES;
				CLANG_ANALYZER_NUMBER_OBJECT_CONVERSION = YES_AGGRESSIVE;
				CLANG_CXX_LANGUAGE_STANDARD = "gnu++14";
				CLANG_CXX_LIBRARY = "libc++";
				CLANG_ENABLE_MODULES = YES;
				CLANG_ENABLE_OBJC_ARC = YES;
				CLANG_WARN_BLOCK_CAPTURE_AUTORELEASING = YES;
				CLANG_WARN_BOOL_CONVERSION = YES;
				CLANG_WARN_COMMA = YES;
				CLANG_WARN_CONSTANT_CONVERSION = YES;
				CLANG_WARN_DEPRECATED_OBJC_IMPLEMENTATIONS = YES;
				CLANG_WARN_DIRECT_OBJC_ISA_USAGE = YES_ERROR;
				CLANG_WARN_DOCUMENTATION_COMMENTS = YES;
				CLANG_WARN_EMPTY_BODY = YES;
				CLANG_WARN_ENUM_CONVERSION = YES;
				CLANG_WARN_INFINITE_RECURSION = YES;
				CLANG_WARN_INT_CONVERSION = YES;
				CLANG_WARN_NON_LITERAL_NULL_CONVERSION = YES;
				CLANG_WARN_OBJC_IMPLICIT_RETAIN_SELF = YES;
				CLANG_WARN_OBJC_LITERAL_CONVERSION = YES;
				CLANG_WARN_OBJC_ROOT_CLASS = YES_ERROR;
				CLANG_WARN_QUOTED_INCLUDE_IN_FRAMEWORK_HEADER = YES;
				CLANG_WARN_RANGE_LOOP_ANALYSIS = YES;
				CLANG_WARN_STRICT_PROTOTYPES = YES;
				CLANG_WARN_SUSPICIOUS_MOVE = YES;
				CLANG_WARN_UNGUARDED_AVAILABILITY = YES_AGGRESSIVE;
				CLANG_WARN_UNREACHABLE_CODE = YES;
				CLANG_WARN__DUPLICATE_METHOD_MATCH = YES;
				CODE_SIGN_IDENTITY = "iPhone Developer";
				COPY_PHASE_STRIP = NO;
				DEBUG_INFORMATION_FORMAT = "dwarf-with-dsym";
				ENABLE_NS_ASSERTIONS = NO;
				ENABLE_STRICT_OBJC_MSGSEND = YES;
				GCC_C_LANGUAGE_STANDARD = gnu11;
				GCC_NO_COMMON_BLOCKS = YES;
				GCC_WARN_64_TO_32_BIT_CONVERSION = YES;
				GCC_WARN_ABOUT_RETURN_TYPE = YES_ERROR;
				GCC_WARN_UNDECLARED_SELECTOR = YES;
				GCC_WARN_UNINITIALIZED_AUTOS = YES_AGGRESSIVE;
				GCC_WARN_UNUSED_FUNCTION = YES;
				GCC_WARN_UNUSED_VARIABLE = YES;
				IPHONEOS_DEPLOYMENT_TARGET = 12.0;
				MTL_ENABLE_DEBUG_INFO = NO;
				SDKROOT = iphoneos;
				SWIFT_OPTIMIZATION_LEVEL = "-Owholemodule";
				VALIDATE_PRODUCT = YES;
			};
			name = Release;
		};
		74B79267202B3254006BCB41 /* Debug */ = {
			isa = XCBuildConfiguration;
			baseConfigurationReference = 1FBAE4590CD3E41999980C2D /* Pods-Course2FinalTask.debug.xcconfig */;
			buildSettings = {
				ALWAYS_EMBED_SWIFT_STANDARD_LIBRARIES = NO;
				ASSETCATALOG_COMPILER_APPICON_NAME = AppIcon;
				"CODE_SIGN_IDENTITY[sdk=iphoneos*]" = "iPhone Developer";
				CODE_SIGN_STYLE = Automatic;
				DEVELOPMENT_TEAM = 49A3DX8W37;
				ENABLE_BITCODE = NO;
				FRAMEWORK_SEARCH_PATHS = (
					"$(inherited)",
					"$(PROJECT_DIR)",
				);
				INFOPLIST_FILE = "$(SRCROOT)/Course2FinalTask/Supporting Files/Info.plist";
				IPHONEOS_DEPLOYMENT_TARGET = 13.5;
				LD_RUNPATH_SEARCH_PATHS = "$(inherited) @executable_path/Frameworks";
				PRODUCT_BUNDLE_IDENTIFIER = "com.e-legion.Course2FinalTask";
				PRODUCT_NAME = "$(TARGET_NAME)";
				PROVISIONING_PROFILE_SPECIFIER = "";
				SWIFT_VERSION = 5.0;
				TARGETED_DEVICE_FAMILY = 1;
			};
			name = Debug;
		};
		74B79268202B3254006BCB41 /* Release */ = {
			isa = XCBuildConfiguration;
			baseConfigurationReference = 83E203D2A5B40C42D6849859 /* Pods-Course2FinalTask.release.xcconfig */;
			buildSettings = {
				ALWAYS_EMBED_SWIFT_STANDARD_LIBRARIES = NO;
				ASSETCATALOG_COMPILER_APPICON_NAME = AppIcon;
				"CODE_SIGN_IDENTITY[sdk=iphoneos*]" = "iPhone Developer";
				CODE_SIGN_STYLE = Automatic;
				DEVELOPMENT_TEAM = 49A3DX8W37;
				ENABLE_BITCODE = NO;
				FRAMEWORK_SEARCH_PATHS = (
					"$(inherited)",
					"$(PROJECT_DIR)",
				);
				INFOPLIST_FILE = "$(SRCROOT)/Course2FinalTask/Supporting Files/Info.plist";
				IPHONEOS_DEPLOYMENT_TARGET = 13.5;
				LD_RUNPATH_SEARCH_PATHS = "$(inherited) @executable_path/Frameworks";
				PRODUCT_BUNDLE_IDENTIFIER = "com.e-legion.Course2FinalTask";
				PRODUCT_NAME = "$(TARGET_NAME)";
				PROVISIONING_PROFILE_SPECIFIER = "";
				SWIFT_VERSION = 5.0;
				TARGETED_DEVICE_FAMILY = 1;
			};
			name = Release;
		};
/* End XCBuildConfiguration section */

/* Begin XCConfigurationList section */
		74B7924F202B3254006BCB41 /* Build configuration list for PBXProject "Course2FinalTask" */ = {
			isa = XCConfigurationList;
			buildConfigurations = (
				74B79264202B3254006BCB41 /* Debug */,
				74B79265202B3254006BCB41 /* Release */,
			);
			defaultConfigurationIsVisible = 0;
			defaultConfigurationName = Release;
		};
		74B79266202B3254006BCB41 /* Build configuration list for PBXNativeTarget "Course2FinalTask" */ = {
			isa = XCConfigurationList;
			buildConfigurations = (
				74B79267202B3254006BCB41 /* Debug */,
				74B79268202B3254006BCB41 /* Release */,
			);
			defaultConfigurationIsVisible = 0;
			defaultConfigurationName = Release;
		};
/* End XCConfigurationList section */

/* Begin XCVersionGroup section */
		CEE092A525122B6900DAF1B7 /* Model.xcdatamodeld */ = {
			isa = XCVersionGroup;
			children = (
				CEE092A625122B6900DAF1B7 /* Model.xcdatamodel */,
			);
			currentVersion = CEE092A625122B6900DAF1B7 /* Model.xcdatamodel */;
			path = Model.xcdatamodeld;
			sourceTree = "<group>";
			versionGroupType = wrapper.xcdatamodel;
		};
/* End XCVersionGroup section */
	};
	rootObject = 74B7924C202B3254006BCB41 /* Project object */;
}
